// !$*UTF8*$!
{
	archiveVersion = 1;
	classes = {
	};
	objectVersion = 55;
	objects = {

/* Begin PBXBuildFile section */
		A0BDEB2C27E4F13900A85888 /* AppDelegate.swift in Sources */ = {isa = PBXBuildFile; fileRef = A0BDEB2B27E4F13900A85888 /* AppDelegate.swift */; };
		A0BDEB2E27E4F13900A85888 /* SceneDelegate.swift in Sources */ = {isa = PBXBuildFile; fileRef = A0BDEB2D27E4F13900A85888 /* SceneDelegate.swift */; };
		A0BDEB3327E4F13900A85888 /* Main.storyboard in Resources */ = {isa = PBXBuildFile; fileRef = A0BDEB3127E4F13900A85888 /* Main.storyboard */; };
		A0BDEB3527E4F13C00A85888 /* Assets.xcassets in Resources */ = {isa = PBXBuildFile; fileRef = A0BDEB3427E4F13C00A85888 /* Assets.xcassets */; };
		A0BDEB3827E4F13C00A85888 /* LaunchScreen.storyboard in Resources */ = {isa = PBXBuildFile; fileRef = A0BDEB3627E4F13C00A85888 /* LaunchScreen.storyboard */; };
		A0BDEB4327E4F13C00A85888 /* SaryFlagshipTests.swift in Sources */ = {isa = PBXBuildFile; fileRef = A0BDEB4227E4F13C00A85888 /* SaryFlagshipTests.swift */; };
		A0BDEB4D27E4F13C00A85888 /* SaryFlagshipUITests.swift in Sources */ = {isa = PBXBuildFile; fileRef = A0BDEB4C27E4F13C00A85888 /* SaryFlagshipUITests.swift */; };
		A0BDEB4F27E4F13C00A85888 /* SaryFlagshipUITestsLaunchTests.swift in Sources */ = {isa = PBXBuildFile; fileRef = A0BDEB4E27E4F13C00A85888 /* SaryFlagshipUITestsLaunchTests.swift */; };
		A0BDEB6127E4F9D600A85888 /* BannerResponse.swift in Sources */ = {isa = PBXBuildFile; fileRef = A0BDEB6027E4F9D600A85888 /* BannerResponse.swift */; };
		A0BDEB6227E4F9D600A85888 /* BannerResponse.swift in Sources */ = {isa = PBXBuildFile; fileRef = A0BDEB6027E4F9D600A85888 /* BannerResponse.swift */; };
		A0BDEB6427E4FA6A00A85888 /* CatalogResponse.swift in Sources */ = {isa = PBXBuildFile; fileRef = A0BDEB6327E4FA6A00A85888 /* CatalogResponse.swift */; };
		A0BDEB6527E4FA6A00A85888 /* CatalogResponse.swift in Sources */ = {isa = PBXBuildFile; fileRef = A0BDEB6327E4FA6A00A85888 /* CatalogResponse.swift */; };
		A0BDEB6727E4FE8700A85888 /* ApiEnviroment.swift in Sources */ = {isa = PBXBuildFile; fileRef = A0BDEB6627E4FE8700A85888 /* ApiEnviroment.swift */; };
		A0BDEB6827E4FE8700A85888 /* ApiEnviroment.swift in Sources */ = {isa = PBXBuildFile; fileRef = A0BDEB6627E4FE8700A85888 /* ApiEnviroment.swift */; };
		A0BDEB6A27E4FF1200A85888 /* CatalogTarget.swift in Sources */ = {isa = PBXBuildFile; fileRef = A0BDEB6927E4FF1200A85888 /* CatalogTarget.swift */; };
		A0BDEB6B27E4FF1200A85888 /* CatalogTarget.swift in Sources */ = {isa = PBXBuildFile; fileRef = A0BDEB6927E4FF1200A85888 /* CatalogTarget.swift */; };
		A0BDEB6D27E51F4900A85888 /* NetworkProvider.swift in Sources */ = {isa = PBXBuildFile; fileRef = A0BDEB6C27E51F4900A85888 /* NetworkProvider.swift */; };
		A0BDEB7427E546B000A85888 /* CatalogRepo.swift in Sources */ = {isa = PBXBuildFile; fileRef = A0BDEB7327E546B000A85888 /* CatalogRepo.swift */; };
		A0BDEB7727E54B9200A85888 /* Coordinator.swift in Sources */ = {isa = PBXBuildFile; fileRef = A0BDEB7627E54B9200A85888 /* Coordinator.swift */; };
		A0BDEB7827E54B9200A85888 /* Coordinator.swift in Sources */ = {isa = PBXBuildFile; fileRef = A0BDEB7627E54B9200A85888 /* Coordinator.swift */; };
		A0BDEB7A27E54BFB00A85888 /* Storyboarded.swift in Sources */ = {isa = PBXBuildFile; fileRef = A0BDEB7927E54BFB00A85888 /* Storyboarded.swift */; };
		A0BDEB7B27E54BFB00A85888 /* Storyboarded.swift in Sources */ = {isa = PBXBuildFile; fileRef = A0BDEB7927E54BFB00A85888 /* Storyboarded.swift */; };
		A0BDEB7D27E54C9A00A85888 /* CatalogViewController.swift in Sources */ = {isa = PBXBuildFile; fileRef = A0BDEB7C27E54C9A00A85888 /* CatalogViewController.swift */; };
		A0BDEB7E27E54C9A00A85888 /* CatalogViewController.swift in Sources */ = {isa = PBXBuildFile; fileRef = A0BDEB7C27E54C9A00A85888 /* CatalogViewController.swift */; };
		A0BDEB8027E54D7B00A85888 /* MainCoordinator.swift in Sources */ = {isa = PBXBuildFile; fileRef = A0BDEB7F27E54D7B00A85888 /* MainCoordinator.swift */; };
		A0BDEB8127E54D7B00A85888 /* MainCoordinator.swift in Sources */ = {isa = PBXBuildFile; fileRef = A0BDEB7F27E54D7B00A85888 /* MainCoordinator.swift */; };
		A0BDEB8327E5D5E800A85888 /* CatalogViewModel.swift in Sources */ = {isa = PBXBuildFile; fileRef = A0BDEB8227E5D5E800A85888 /* CatalogViewModel.swift */; };
		A0BDEB8427E5D5E800A85888 /* CatalogViewModel.swift in Sources */ = {isa = PBXBuildFile; fileRef = A0BDEB8227E5D5E800A85888 /* CatalogViewModel.swift */; };
		A0BDEB8827E5DC9700A85888 /* banner.json in Resources */ = {isa = PBXBuildFile; fileRef = A0BDEB8627E5DC9700A85888 /* banner.json */; };
		A0BDEB8927E5DC9700A85888 /* banner.json in Resources */ = {isa = PBXBuildFile; fileRef = A0BDEB8627E5DC9700A85888 /* banner.json */; };
		A0BDEB8A27E5DC9700A85888 /* catalog.json in Resources */ = {isa = PBXBuildFile; fileRef = A0BDEB8727E5DC9700A85888 /* catalog.json */; };
		A0BDEB8B27E5DC9700A85888 /* catalog.json in Resources */ = {isa = PBXBuildFile; fileRef = A0BDEB8727E5DC9700A85888 /* catalog.json */; };
		E7D7E49EBEB0155EFB952E4D /* Pods_SaryFlagship.framework in Frameworks */ = {isa = PBXBuildFile; fileRef = C39BE26A30884FC0114B85DC /* Pods_SaryFlagship.framework */; };
/* End PBXBuildFile section */

/* Begin PBXContainerItemProxy section */
		A0BDEB3F27E4F13C00A85888 /* PBXContainerItemProxy */ = {
			isa = PBXContainerItemProxy;
			containerPortal = A0BDEB2027E4F13900A85888 /* Project object */;
			proxyType = 1;
			remoteGlobalIDString = A0BDEB2727E4F13900A85888;
			remoteInfo = SaryFlagship;
		};
		A0BDEB4927E4F13C00A85888 /* PBXContainerItemProxy */ = {
			isa = PBXContainerItemProxy;
			containerPortal = A0BDEB2027E4F13900A85888 /* Project object */;
			proxyType = 1;
			remoteGlobalIDString = A0BDEB2727E4F13900A85888;
			remoteInfo = SaryFlagship;
		};
/* End PBXContainerItemProxy section */

/* Begin PBXFileReference section */
		241A0EE50BD4D4E3E891848E /* Pods-SaryFlagship.release.xcconfig */ = {isa = PBXFileReference; includeInIndex = 1; lastKnownFileType = text.xcconfig; name = "Pods-SaryFlagship.release.xcconfig"; path = "Target Support Files/Pods-SaryFlagship/Pods-SaryFlagship.release.xcconfig"; sourceTree = "<group>"; };
		7D176E03E70AFC3EF3925A54 /* Pods-SaryFlagship.debug.xcconfig */ = {isa = PBXFileReference; includeInIndex = 1; lastKnownFileType = text.xcconfig; name = "Pods-SaryFlagship.debug.xcconfig"; path = "Target Support Files/Pods-SaryFlagship/Pods-SaryFlagship.debug.xcconfig"; sourceTree = "<group>"; };
		A0BDEB2827E4F13900A85888 /* SaryFlagship.app */ = {isa = PBXFileReference; explicitFileType = wrapper.application; includeInIndex = 0; path = SaryFlagship.app; sourceTree = BUILT_PRODUCTS_DIR; };
		A0BDEB2B27E4F13900A85888 /* AppDelegate.swift */ = {isa = PBXFileReference; lastKnownFileType = sourcecode.swift; path = AppDelegate.swift; sourceTree = "<group>"; };
		A0BDEB2D27E4F13900A85888 /* SceneDelegate.swift */ = {isa = PBXFileReference; lastKnownFileType = sourcecode.swift; path = SceneDelegate.swift; sourceTree = "<group>"; };
		A0BDEB3227E4F13900A85888 /* Base */ = {isa = PBXFileReference; lastKnownFileType = file.storyboard; name = Base; path = Base.lproj/Main.storyboard; sourceTree = "<group>"; };
		A0BDEB3427E4F13C00A85888 /* Assets.xcassets */ = {isa = PBXFileReference; lastKnownFileType = folder.assetcatalog; path = Assets.xcassets; sourceTree = "<group>"; };
		A0BDEB3727E4F13C00A85888 /* Base */ = {isa = PBXFileReference; lastKnownFileType = file.storyboard; name = Base; path = Base.lproj/LaunchScreen.storyboard; sourceTree = "<group>"; };
		A0BDEB3927E4F13C00A85888 /* Info.plist */ = {isa = PBXFileReference; lastKnownFileType = text.plist.xml; path = Info.plist; sourceTree = "<group>"; };
		A0BDEB3E27E4F13C00A85888 /* SaryFlagshipTests.xctest */ = {isa = PBXFileReference; explicitFileType = wrapper.cfbundle; includeInIndex = 0; path = SaryFlagshipTests.xctest; sourceTree = BUILT_PRODUCTS_DIR; };
		A0BDEB4227E4F13C00A85888 /* SaryFlagshipTests.swift */ = {isa = PBXFileReference; lastKnownFileType = sourcecode.swift; path = SaryFlagshipTests.swift; sourceTree = "<group>"; };
		A0BDEB4827E4F13C00A85888 /* SaryFlagshipUITests.xctest */ = {isa = PBXFileReference; explicitFileType = wrapper.cfbundle; includeInIndex = 0; path = SaryFlagshipUITests.xctest; sourceTree = BUILT_PRODUCTS_DIR; };
		A0BDEB4C27E4F13C00A85888 /* SaryFlagshipUITests.swift */ = {isa = PBXFileReference; lastKnownFileType = sourcecode.swift; path = SaryFlagshipUITests.swift; sourceTree = "<group>"; };
		A0BDEB4E27E4F13C00A85888 /* SaryFlagshipUITestsLaunchTests.swift */ = {isa = PBXFileReference; lastKnownFileType = sourcecode.swift; path = SaryFlagshipUITestsLaunchTests.swift; sourceTree = "<group>"; };
		A0BDEB6027E4F9D600A85888 /* BannerResponse.swift */ = {isa = PBXFileReference; lastKnownFileType = sourcecode.swift; path = BannerResponse.swift; sourceTree = "<group>"; };
		A0BDEB6327E4FA6A00A85888 /* CatalogResponse.swift */ = {isa = PBXFileReference; lastKnownFileType = sourcecode.swift; path = CatalogResponse.swift; sourceTree = "<group>"; };
		A0BDEB6627E4FE8700A85888 /* ApiEnviroment.swift */ = {isa = PBXFileReference; lastKnownFileType = sourcecode.swift; path = ApiEnviroment.swift; sourceTree = "<group>"; };
		A0BDEB6927E4FF1200A85888 /* CatalogTarget.swift */ = {isa = PBXFileReference; lastKnownFileType = sourcecode.swift; path = CatalogTarget.swift; sourceTree = "<group>"; };
		A0BDEB6C27E51F4900A85888 /* NetworkProvider.swift */ = {isa = PBXFileReference; lastKnownFileType = sourcecode.swift; path = NetworkProvider.swift; sourceTree = "<group>"; };
		A0BDEB7327E546B000A85888 /* CatalogRepo.swift */ = {isa = PBXFileReference; lastKnownFileType = sourcecode.swift; path = CatalogRepo.swift; sourceTree = "<group>"; };
		A0BDEB7627E54B9200A85888 /* Coordinator.swift */ = {isa = PBXFileReference; lastKnownFileType = sourcecode.swift; path = Coordinator.swift; sourceTree = "<group>"; };
		A0BDEB7927E54BFB00A85888 /* Storyboarded.swift */ = {isa = PBXFileReference; lastKnownFileType = sourcecode.swift; path = Storyboarded.swift; sourceTree = "<group>"; };
		A0BDEB7C27E54C9A00A85888 /* CatalogViewController.swift */ = {isa = PBXFileReference; lastKnownFileType = sourcecode.swift; path = CatalogViewController.swift; sourceTree = "<group>"; };
		A0BDEB7F27E54D7B00A85888 /* MainCoordinator.swift */ = {isa = PBXFileReference; lastKnownFileType = sourcecode.swift; path = MainCoordinator.swift; sourceTree = "<group>"; };
		A0BDEB8227E5D5E800A85888 /* CatalogViewModel.swift */ = {isa = PBXFileReference; lastKnownFileType = sourcecode.swift; path = CatalogViewModel.swift; sourceTree = "<group>"; };
		A0BDEB8627E5DC9700A85888 /* banner.json */ = {isa = PBXFileReference; fileEncoding = 4; lastKnownFileType = text.json; path = banner.json; sourceTree = "<group>"; };
		A0BDEB8727E5DC9700A85888 /* catalog.json */ = {isa = PBXFileReference; fileEncoding = 4; lastKnownFileType = text.json; path = catalog.json; sourceTree = "<group>"; };
		C39BE26A30884FC0114B85DC /* Pods_SaryFlagship.framework */ = {isa = PBXFileReference; explicitFileType = wrapper.framework; includeInIndex = 0; path = Pods_SaryFlagship.framework; sourceTree = BUILT_PRODUCTS_DIR; };
/* End PBXFileReference section */

/* Begin PBXFrameworksBuildPhase section */
		A0BDEB2527E4F13900A85888 /* Frameworks */ = {
			isa = PBXFrameworksBuildPhase;
			buildActionMask = 2147483647;
			files = (
				E7D7E49EBEB0155EFB952E4D /* Pods_SaryFlagship.framework in Frameworks */,
			);
			runOnlyForDeploymentPostprocessing = 0;
		};
		A0BDEB3B27E4F13C00A85888 /* Frameworks */ = {
			isa = PBXFrameworksBuildPhase;
			buildActionMask = 2147483647;
			files = (
			);
			runOnlyForDeploymentPostprocessing = 0;
		};
		A0BDEB4527E4F13C00A85888 /* Frameworks */ = {
			isa = PBXFrameworksBuildPhase;
			buildActionMask = 2147483647;
			files = (
			);
			runOnlyForDeploymentPostprocessing = 0;
		};
/* End PBXFrameworksBuildPhase section */

/* Begin PBXGroup section */
		06FFF68D3E9577CFC13CC906 /* Frameworks */ = {
			isa = PBXGroup;
			children = (
				C39BE26A30884FC0114B85DC /* Pods_SaryFlagship.framework */,
			);
			name = Frameworks;
			sourceTree = "<group>";
		};
		A0BDEB1F27E4F13900A85888 = {
			isa = PBXGroup;
			children = (
				A0BDEB2A27E4F13900A85888 /* SaryFlagship */,
				A0BDEB4127E4F13C00A85888 /* SaryFlagshipTests */,
				A0BDEB4B27E4F13C00A85888 /* SaryFlagshipUITests */,
				A0BDEB2927E4F13900A85888 /* Products */,
				AA5E70C5DD7A396B9061B5A4 /* Pods */,
				06FFF68D3E9577CFC13CC906 /* Frameworks */,
			);
			sourceTree = "<group>";
		};
		A0BDEB2927E4F13900A85888 /* Products */ = {
			isa = PBXGroup;
			children = (
				A0BDEB2827E4F13900A85888 /* SaryFlagship.app */,
				A0BDEB3E27E4F13C00A85888 /* SaryFlagshipTests.xctest */,
				A0BDEB4827E4F13C00A85888 /* SaryFlagshipUITests.xctest */,
			);
			name = Products;
			sourceTree = "<group>";
		};
		A0BDEB2A27E4F13900A85888 /* SaryFlagship */ = {
			isa = PBXGroup;
			children = (
				A0BDEB8527E5DBDD00A85888 /* MockData */,
				A0BDEB7527E54B8400A85888 /* Coordinator */,
				A0BDEB7127E53CD900A85888 /* ViewModel */,
				A0BDEB7027E53CD100A85888 /* ViewController */,
				A0BDEB6F27E53CC800A85888 /* View */,
				A0BDEB6E27E5204F00A85888 /* Data */,
				A0BDEB5C27E4F64D00A85888 /* Models */,
				A0BDEB5B27E4F64400A85888 /* Network */,
				A0BDEB2B27E4F13900A85888 /* AppDelegate.swift */,
				A0BDEB2D27E4F13900A85888 /* SceneDelegate.swift */,
				A0BDEB3127E4F13900A85888 /* Main.storyboard */,
				A0BDEB3427E4F13C00A85888 /* Assets.xcassets */,
				A0BDEB3627E4F13C00A85888 /* LaunchScreen.storyboard */,
				A0BDEB3927E4F13C00A85888 /* Info.plist */,
			);
			path = SaryFlagship;
			sourceTree = "<group>";
		};
		A0BDEB4127E4F13C00A85888 /* SaryFlagshipTests */ = {
			isa = PBXGroup;
			children = (
				A0BDEB4227E4F13C00A85888 /* SaryFlagshipTests.swift */,
			);
			path = SaryFlagshipTests;
			sourceTree = "<group>";
		};
		A0BDEB4B27E4F13C00A85888 /* SaryFlagshipUITests */ = {
			isa = PBXGroup;
			children = (
				A0BDEB4C27E4F13C00A85888 /* SaryFlagshipUITests.swift */,
				A0BDEB4E27E4F13C00A85888 /* SaryFlagshipUITestsLaunchTests.swift */,
			);
			path = SaryFlagshipUITests;
			sourceTree = "<group>";
		};
		A0BDEB5B27E4F64400A85888 /* Network */ = {
			isa = PBXGroup;
			children = (
				A0BDEB7227E5469E00A85888 /* Repo */,
				A0BDEB5D27E4F66A00A85888 /* ApiEnviroment */,
				A0BDEB5E27E4F67600A85888 /* NetworkProvider */,
				A0BDEB5F27E4F68800A85888 /* Target */,
			);
			path = Network;
			sourceTree = "<group>";
		};
		A0BDEB5C27E4F64D00A85888 /* Models */ = {
			isa = PBXGroup;
			children = (
				A0BDEB6027E4F9D600A85888 /* BannerResponse.swift */,
				A0BDEB6327E4FA6A00A85888 /* CatalogResponse.swift */,
			);
			path = Models;
			sourceTree = "<group>";
		};
		A0BDEB5D27E4F66A00A85888 /* ApiEnviroment */ = {
			isa = PBXGroup;
			children = (
				A0BDEB6627E4FE8700A85888 /* ApiEnviroment.swift */,
			);
			path = ApiEnviroment;
			sourceTree = "<group>";
		};
		A0BDEB5E27E4F67600A85888 /* NetworkProvider */ = {
			isa = PBXGroup;
			children = (
				A0BDEB6C27E51F4900A85888 /* NetworkProvider.swift */,
			);
			path = NetworkProvider;
			sourceTree = "<group>";
		};
		A0BDEB5F27E4F68800A85888 /* Target */ = {
			isa = PBXGroup;
			children = (
				A0BDEB6927E4FF1200A85888 /* CatalogTarget.swift */,
			);
			path = Target;
			sourceTree = "<group>";
		};
		A0BDEB6E27E5204F00A85888 /* Data */ = {
			isa = PBXGroup;
			children = (
			);
			path = Data;
			sourceTree = "<group>";
		};
		A0BDEB6F27E53CC800A85888 /* View */ = {
			isa = PBXGroup;
			children = (
			);
			path = View;
			sourceTree = "<group>";
		};
		A0BDEB7027E53CD100A85888 /* ViewController */ = {
			isa = PBXGroup;
			children = (
				A0BDEB7C27E54C9A00A85888 /* CatalogViewController.swift */,
			);
			path = ViewController;
			sourceTree = "<group>";
		};
		A0BDEB7127E53CD900A85888 /* ViewModel */ = {
			isa = PBXGroup;
			children = (
				A0BDEB8227E5D5E800A85888 /* CatalogViewModel.swift */,
			);
			path = ViewModel;
			sourceTree = "<group>";
		};
		A0BDEB7227E5469E00A85888 /* Repo */ = {
			isa = PBXGroup;
			children = (
				A0BDEB7327E546B000A85888 /* CatalogRepo.swift */,
			);
			path = Repo;
			sourceTree = "<group>";
		};
		A0BDEB7527E54B8400A85888 /* Coordinator */ = {
			isa = PBXGroup;
			children = (
				A0BDEB7627E54B9200A85888 /* Coordinator.swift */,
				A0BDEB7927E54BFB00A85888 /* Storyboarded.swift */,
				A0BDEB7F27E54D7B00A85888 /* MainCoordinator.swift */,
			);
			path = Coordinator;
			sourceTree = "<group>";
		};
		A0BDEB8527E5DBDD00A85888 /* MockData */ = {
			isa = PBXGroup;
			children = (
				A0BDEB8627E5DC9700A85888 /* banner.json */,
				A0BDEB8727E5DC9700A85888 /* catalog.json */,
			);
			path = MockData;
			sourceTree = "<group>";
		};
		AA5E70C5DD7A396B9061B5A4 /* Pods */ = {
			isa = PBXGroup;
			children = (
				7D176E03E70AFC3EF3925A54 /* Pods-SaryFlagship.debug.xcconfig */,
				241A0EE50BD4D4E3E891848E /* Pods-SaryFlagship.release.xcconfig */,
			);
			path = Pods;
			sourceTree = "<group>";
		};
/* End PBXGroup section */

/* Begin PBXNativeTarget section */
		A0BDEB2727E4F13900A85888 /* SaryFlagship */ = {
			isa = PBXNativeTarget;
			buildConfigurationList = A0BDEB5227E4F13C00A85888 /* Build configuration list for PBXNativeTarget "SaryFlagship" */;
			buildPhases = (
				E3F08CB43A554D0A78D52300 /* [CP] Check Pods Manifest.lock */,
				A0BDEB2427E4F13900A85888 /* Sources */,
				A0BDEB2527E4F13900A85888 /* Frameworks */,
				A0BDEB2627E4F13900A85888 /* Resources */,
				DFDCF90130E1CF6FBCD35347 /* [CP] Embed Pods Frameworks */,
			);
			buildRules = (
			);
			dependencies = (
			);
			name = SaryFlagship;
			productName = SaryFlagship;
			productReference = A0BDEB2827E4F13900A85888 /* SaryFlagship.app */;
			productType = "com.apple.product-type.application";
		};
		A0BDEB3D27E4F13C00A85888 /* SaryFlagshipTests */ = {
			isa = PBXNativeTarget;
			buildConfigurationList = A0BDEB5527E4F13C00A85888 /* Build configuration list for PBXNativeTarget "SaryFlagshipTests" */;
			buildPhases = (
				A0BDEB3A27E4F13C00A85888 /* Sources */,
				A0BDEB3B27E4F13C00A85888 /* Frameworks */,
				A0BDEB3C27E4F13C00A85888 /* Resources */,
			);
			buildRules = (
			);
			dependencies = (
				A0BDEB4027E4F13C00A85888 /* PBXTargetDependency */,
			);
			name = SaryFlagshipTests;
			productName = SaryFlagshipTests;
			productReference = A0BDEB3E27E4F13C00A85888 /* SaryFlagshipTests.xctest */;
			productType = "com.apple.product-type.bundle.unit-test";
		};
		A0BDEB4727E4F13C00A85888 /* SaryFlagshipUITests */ = {
			isa = PBXNativeTarget;
			buildConfigurationList = A0BDEB5827E4F13C00A85888 /* Build configuration list for PBXNativeTarget "SaryFlagshipUITests" */;
			buildPhases = (
				A0BDEB4427E4F13C00A85888 /* Sources */,
				A0BDEB4527E4F13C00A85888 /* Frameworks */,
				A0BDEB4627E4F13C00A85888 /* Resources */,
			);
			buildRules = (
			);
			dependencies = (
				A0BDEB4A27E4F13C00A85888 /* PBXTargetDependency */,
			);
			name = SaryFlagshipUITests;
			productName = SaryFlagshipUITests;
			productReference = A0BDEB4827E4F13C00A85888 /* SaryFlagshipUITests.xctest */;
			productType = "com.apple.product-type.bundle.ui-testing";
		};
/* End PBXNativeTarget section */

/* Begin PBXProject section */
		A0BDEB2027E4F13900A85888 /* Project object */ = {
			isa = PBXProject;
			attributes = {
				BuildIndependentTargetsInParallel = 1;
				LastSwiftUpdateCheck = 1300;
				LastUpgradeCheck = 1300;
				TargetAttributes = {
					A0BDEB2727E4F13900A85888 = {
						CreatedOnToolsVersion = 13.0;
					};
					A0BDEB3D27E4F13C00A85888 = {
						CreatedOnToolsVersion = 13.0;
						TestTargetID = A0BDEB2727E4F13900A85888;
					};
					A0BDEB4727E4F13C00A85888 = {
						CreatedOnToolsVersion = 13.0;
						TestTargetID = A0BDEB2727E4F13900A85888;
					};
				};
			};
			buildConfigurationList = A0BDEB2327E4F13900A85888 /* Build configuration list for PBXProject "SaryFlagship" */;
			compatibilityVersion = "Xcode 13.0";
			developmentRegion = en;
			hasScannedForEncodings = 0;
			knownRegions = (
				en,
				Base,
			);
			mainGroup = A0BDEB1F27E4F13900A85888;
			productRefGroup = A0BDEB2927E4F13900A85888 /* Products */;
			projectDirPath = "";
			projectRoot = "";
			targets = (
				A0BDEB2727E4F13900A85888 /* SaryFlagship */,
				A0BDEB3D27E4F13C00A85888 /* SaryFlagshipTests */,
				A0BDEB4727E4F13C00A85888 /* SaryFlagshipUITests */,
			);
		};
/* End PBXProject section */

/* Begin PBXResourcesBuildPhase section */
		A0BDEB2627E4F13900A85888 /* Resources */ = {
			isa = PBXResourcesBuildPhase;
			buildActionMask = 2147483647;
			files = (
				A0BDEB3827E4F13C00A85888 /* LaunchScreen.storyboard in Resources */,
				A0BDEB8827E5DC9700A85888 /* banner.json in Resources */,
				A0BDEB3527E4F13C00A85888 /* Assets.xcassets in Resources */,
				A0BDEB8A27E5DC9700A85888 /* catalog.json in Resources */,
				A0BDEB3327E4F13900A85888 /* Main.storyboard in Resources */,
			);
			runOnlyForDeploymentPostprocessing = 0;
		};
		A0BDEB3C27E4F13C00A85888 /* Resources */ = {
			isa = PBXResourcesBuildPhase;
			buildActionMask = 2147483647;
			files = (
				A0BDEB8927E5DC9700A85888 /* banner.json in Resources */,
				A0BDEB8B27E5DC9700A85888 /* catalog.json in Resources */,
			);
			runOnlyForDeploymentPostprocessing = 0;
		};
		A0BDEB4627E4F13C00A85888 /* Resources */ = {
			isa = PBXResourcesBuildPhase;
			buildActionMask = 2147483647;
			files = (
			);
			runOnlyForDeploymentPostprocessing = 0;
		};
/* End PBXResourcesBuildPhase section */

/* Begin PBXShellScriptBuildPhase section */
		DFDCF90130E1CF6FBCD35347 /* [CP] Embed Pods Frameworks */ = {
			isa = PBXShellScriptBuildPhase;
			buildActionMask = 2147483647;
			files = (
			);
			inputFileListPaths = (
				"${PODS_ROOT}/Target Support Files/Pods-SaryFlagship/Pods-SaryFlagship-frameworks-${CONFIGURATION}-input-files.xcfilelist",
			);
			name = "[CP] Embed Pods Frameworks";
			outputFileListPaths = (
				"${PODS_ROOT}/Target Support Files/Pods-SaryFlagship/Pods-SaryFlagship-frameworks-${CONFIGURATION}-output-files.xcfilelist",
			);
			runOnlyForDeploymentPostprocessing = 0;
			shellPath = /bin/sh;
			shellScript = "\"${PODS_ROOT}/Target Support Files/Pods-SaryFlagship/Pods-SaryFlagship-frameworks.sh\"\n";
			showEnvVarsInLog = 0;
		};
		E3F08CB43A554D0A78D52300 /* [CP] Check Pods Manifest.lock */ = {
			isa = PBXShellScriptBuildPhase;
			buildActionMask = 2147483647;
			files = (
			);
			inputFileListPaths = (
			);
			inputPaths = (
				"${PODS_PODFILE_DIR_PATH}/Podfile.lock",
				"${PODS_ROOT}/Manifest.lock",
			);
			name = "[CP] Check Pods Manifest.lock";
			outputFileListPaths = (
			);
			outputPaths = (
				"$(DERIVED_FILE_DIR)/Pods-SaryFlagship-checkManifestLockResult.txt",
			);
			runOnlyForDeploymentPostprocessing = 0;
			shellPath = /bin/sh;
			shellScript = "diff \"${PODS_PODFILE_DIR_PATH}/Podfile.lock\" \"${PODS_ROOT}/Manifest.lock\" > /dev/null\nif [ $? != 0 ] ; then\n    # print error to STDERR\n    echo \"error: The sandbox is not in sync with the Podfile.lock. Run 'pod install' or update your CocoaPods installation.\" >&2\n    exit 1\nfi\n# This output is used by Xcode 'outputs' to avoid re-running this script phase.\necho \"SUCCESS\" > \"${SCRIPT_OUTPUT_FILE_0}\"\n";
			showEnvVarsInLog = 0;
		};
/* End PBXShellScriptBuildPhase section */

/* Begin PBXSourcesBuildPhase section */
		A0BDEB2427E4F13900A85888 /* Sources */ = {
			isa = PBXSourcesBuildPhase;
			buildActionMask = 2147483647;
			files = (
				A0BDEB7D27E54C9A00A85888 /* CatalogViewController.swift in Sources */,
				A0BDEB6A27E4FF1200A85888 /* CatalogTarget.swift in Sources */,
				A0BDEB7727E54B9200A85888 /* Coordinator.swift in Sources */,
				A0BDEB2C27E4F13900A85888 /* AppDelegate.swift in Sources */,
				A0BDEB6127E4F9D600A85888 /* BannerResponse.swift in Sources */,
				A0BDEB8327E5D5E800A85888 /* CatalogViewModel.swift in Sources */,
				A0BDEB7427E546B000A85888 /* CatalogRepo.swift in Sources */,
				A0BDEB6427E4FA6A00A85888 /* CatalogResponse.swift in Sources */,
				A0BDEB7A27E54BFB00A85888 /* Storyboarded.swift in Sources */,
				A0BDEB2E27E4F13900A85888 /* SceneDelegate.swift in Sources */,
				A0BDEB8027E54D7B00A85888 /* MainCoordinator.swift in Sources */,
				A0BDEB6D27E51F4900A85888 /* NetworkProvider.swift in Sources */,
				A0BDEB6727E4FE8700A85888 /* ApiEnviroment.swift in Sources */,
			);
			runOnlyForDeploymentPostprocessing = 0;
		};
		A0BDEB3A27E4F13C00A85888 /* Sources */ = {
			isa = PBXSourcesBuildPhase;
			buildActionMask = 2147483647;
			files = (
				A0BDEB7E27E54C9A00A85888 /* CatalogViewController.swift in Sources */,
				A0BDEB6227E4F9D600A85888 /* BannerResponse.swift in Sources */,
				A0BDEB4327E4F13C00A85888 /* SaryFlagshipTests.swift in Sources */,
				A0BDEB7827E54B9200A85888 /* Coordinator.swift in Sources */,
				A0BDEB6527E4FA6A00A85888 /* CatalogResponse.swift in Sources */,
				A0BDEB6827E4FE8700A85888 /* ApiEnviroment.swift in Sources */,
				A0BDEB6B27E4FF1200A85888 /* CatalogTarget.swift in Sources */,
				A0BDEB8127E54D7B00A85888 /* MainCoordinator.swift in Sources */,
				A0BDEB8427E5D5E800A85888 /* CatalogViewModel.swift in Sources */,
				A0BDEB7B27E54BFB00A85888 /* Storyboarded.swift in Sources */,
			);
			runOnlyForDeploymentPostprocessing = 0;
		};
		A0BDEB4427E4F13C00A85888 /* Sources */ = {
			isa = PBXSourcesBuildPhase;
			buildActionMask = 2147483647;
			files = (
				A0BDEB4D27E4F13C00A85888 /* SaryFlagshipUITests.swift in Sources */,
				A0BDEB4F27E4F13C00A85888 /* SaryFlagshipUITestsLaunchTests.swift in Sources */,
			);
			runOnlyForDeploymentPostprocessing = 0;
		};
/* End PBXSourcesBuildPhase section */

/* Begin PBXTargetDependency section */
		A0BDEB4027E4F13C00A85888 /* PBXTargetDependency */ = {
			isa = PBXTargetDependency;
			target = A0BDEB2727E4F13900A85888 /* SaryFlagship */;
			targetProxy = A0BDEB3F27E4F13C00A85888 /* PBXContainerItemProxy */;
		};
		A0BDEB4A27E4F13C00A85888 /* PBXTargetDependency */ = {
			isa = PBXTargetDependency;
			target = A0BDEB2727E4F13900A85888 /* SaryFlagship */;
			targetProxy = A0BDEB4927E4F13C00A85888 /* PBXContainerItemProxy */;
		};
/* End PBXTargetDependency section */

/* Begin PBXVariantGroup section */
		A0BDEB3127E4F13900A85888 /* Main.storyboard */ = {
			isa = PBXVariantGroup;
			children = (
				A0BDEB3227E4F13900A85888 /* Base */,
			);
			name = Main.storyboard;
			sourceTree = "<group>";
		};
		A0BDEB3627E4F13C00A85888 /* LaunchScreen.storyboard */ = {
			isa = PBXVariantGroup;
			children = (
				A0BDEB3727E4F13C00A85888 /* Base */,
			);
			name = LaunchScreen.storyboard;
			sourceTree = "<group>";
		};
/* End PBXVariantGroup section */

/* Begin XCBuildConfiguration section */
		A0BDEB5027E4F13C00A85888 /* Debug */ = {
			isa = XCBuildConfiguration;
			buildSettings = {
				ALWAYS_SEARCH_USER_PATHS = NO;
				CLANG_ANALYZER_NONNULL = YES;
				CLANG_ANALYZER_NUMBER_OBJECT_CONVERSION = YES_AGGRESSIVE;
				CLANG_CXX_LANGUAGE_STANDARD = "gnu++17";
				CLANG_CXX_LIBRARY = "libc++";
				CLANG_ENABLE_MODULES = YES;
				CLANG_ENABLE_OBJC_ARC = YES;
				CLANG_ENABLE_OBJC_WEAK = YES;
				CLANG_WARN_BLOCK_CAPTURE_AUTORELEASING = YES;
				CLANG_WARN_BOOL_CONVERSION = YES;
				CLANG_WARN_COMMA = YES;
				CLANG_WARN_CONSTANT_CONVERSION = YES;
				CLANG_WARN_DEPRECATED_OBJC_IMPLEMENTATIONS = YES;
				CLANG_WARN_DIRECT_OBJC_ISA_USAGE = YES_ERROR;
				CLANG_WARN_DOCUMENTATION_COMMENTS = YES;
				CLANG_WARN_EMPTY_BODY = YES;
				CLANG_WARN_ENUM_CONVERSION = YES;
				CLANG_WARN_INFINITE_RECURSION = YES;
				CLANG_WARN_INT_CONVERSION = YES;
				CLANG_WARN_NON_LITERAL_NULL_CONVERSION = YES;
				CLANG_WARN_OBJC_IMPLICIT_RETAIN_SELF = YES;
				CLANG_WARN_OBJC_LITERAL_CONVERSION = YES;
				CLANG_WARN_OBJC_ROOT_CLASS = YES_ERROR;
				CLANG_WARN_QUOTED_INCLUDE_IN_FRAMEWORK_HEADER = YES;
				CLANG_WARN_RANGE_LOOP_ANALYSIS = YES;
				CLANG_WARN_STRICT_PROTOTYPES = YES;
				CLANG_WARN_SUSPICIOUS_MOVE = YES;
				CLANG_WARN_UNGUARDED_AVAILABILITY = YES_AGGRESSIVE;
				CLANG_WARN_UNREACHABLE_CODE = YES;
				CLANG_WARN__DUPLICATE_METHOD_MATCH = YES;
				COPY_PHASE_STRIP = NO;
				DEBUG_INFORMATION_FORMAT = dwarf;
				ENABLE_STRICT_OBJC_MSGSEND = YES;
				ENABLE_TESTABILITY = YES;
				GCC_C_LANGUAGE_STANDARD = gnu11;
				GCC_DYNAMIC_NO_PIC = NO;
				GCC_NO_COMMON_BLOCKS = YES;
				GCC_OPTIMIZATION_LEVEL = 0;
				GCC_PREPROCESSOR_DEFINITIONS = (
					"DEBUG=1",
					"$(inherited)",
				);
				GCC_WARN_64_TO_32_BIT_CONVERSION = YES;
				GCC_WARN_ABOUT_RETURN_TYPE = YES_ERROR;
				GCC_WARN_UNDECLARED_SELECTOR = YES;
				GCC_WARN_UNINITIALIZED_AUTOS = YES_AGGRESSIVE;
				GCC_WARN_UNUSED_FUNCTION = YES;
				GCC_WARN_UNUSED_VARIABLE = YES;
				IPHONEOS_DEPLOYMENT_TARGET = 15.0;
				MTL_ENABLE_DEBUG_INFO = INCLUDE_SOURCE;
				MTL_FAST_MATH = YES;
				ONLY_ACTIVE_ARCH = YES;
				SDKROOT = iphoneos;
				SWIFT_ACTIVE_COMPILATION_CONDITIONS = DEBUG;
				SWIFT_OPTIMIZATION_LEVEL = "-Onone";
			};
			name = Debug;
		};
		A0BDEB5127E4F13C00A85888 /* Release */ = {
			isa = XCBuildConfiguration;
			buildSettings = {
				ALWAYS_SEARCH_USER_PATHS = NO;
				CLANG_ANALYZER_NONNULL = YES;
				CLANG_ANALYZER_NUMBER_OBJECT_CONVERSION = YES_AGGRESSIVE;
				CLANG_CXX_LANGUAGE_STANDARD = "gnu++17";
				CLANG_CXX_LIBRARY = "libc++";
				CLANG_ENABLE_MODULES = YES;
				CLANG_ENABLE_OBJC_ARC = YES;
				CLANG_ENABLE_OBJC_WEAK = YES;
				CLANG_WARN_BLOCK_CAPTURE_AUTORELEASING = YES;
				CLANG_WARN_BOOL_CONVERSION = YES;
				CLANG_WARN_COMMA = YES;
				CLANG_WARN_CONSTANT_CONVERSION = YES;
				CLANG_WARN_DEPRECATED_OBJC_IMPLEMENTATIONS = YES;
				CLANG_WARN_DIRECT_OBJC_ISA_USAGE = YES_ERROR;
				CLANG_WARN_DOCUMENTATION_COMMENTS = YES;
				CLANG_WARN_EMPTY_BODY = YES;
				CLANG_WARN_ENUM_CONVERSION = YES;
				CLANG_WARN_INFINITE_RECURSION = YES;
				CLANG_WARN_INT_CONVERSION = YES;
				CLANG_WARN_NON_LITERAL_NULL_CONVERSION = YES;
				CLANG_WARN_OBJC_IMPLICIT_RETAIN_SELF = YES;
				CLANG_WARN_OBJC_LITERAL_CONVERSION = YES;
				CLANG_WARN_OBJC_ROOT_CLASS = YES_ERROR;
				CLANG_WARN_QUOTED_INCLUDE_IN_FRAMEWORK_HEADER = YES;
				CLANG_WARN_RANGE_LOOP_ANALYSIS = YES;
				CLANG_WARN_STRICT_PROTOTYPES = YES;
				CLANG_WARN_SUSPICIOUS_MOVE = YES;
				CLANG_WARN_UNGUARDED_AVAILABILITY = YES_AGGRESSIVE;
				CLANG_WARN_UNREACHABLE_CODE = YES;
				CLANG_WARN__DUPLICATE_METHOD_MATCH = YES;
				COPY_PHASE_STRIP = NO;
				DEBUG_INFORMATION_FORMAT = "dwarf-with-dsym";
				ENABLE_NS_ASSERTIONS = NO;
				ENABLE_STRICT_OBJC_MSGSEND = YES;
				GCC_C_LANGUAGE_STANDARD = gnu11;
				GCC_NO_COMMON_BLOCKS = YES;
				GCC_WARN_64_TO_32_BIT_CONVERSION = YES;
				GCC_WARN_ABOUT_RETURN_TYPE = YES_ERROR;
				GCC_WARN_UNDECLARED_SELECTOR = YES;
				GCC_WARN_UNINITIALIZED_AUTOS = YES_AGGRESSIVE;
				GCC_WARN_UNUSED_FUNCTION = YES;
				GCC_WARN_UNUSED_VARIABLE = YES;
				IPHONEOS_DEPLOYMENT_TARGET = 15.0;
				MTL_ENABLE_DEBUG_INFO = NO;
				MTL_FAST_MATH = YES;
				SDKROOT = iphoneos;
				SWIFT_COMPILATION_MODE = wholemodule;
				SWIFT_OPTIMIZATION_LEVEL = "-O";
				VALIDATE_PRODUCT = YES;
			};
			name = Release;
		};
		A0BDEB5327E4F13C00A85888 /* Debug */ = {
			isa = XCBuildConfiguration;
			baseConfigurationReference = 7D176E03E70AFC3EF3925A54 /* Pods-SaryFlagship.debug.xcconfig */;
			buildSettings = {
				ASSETCATALOG_COMPILER_APPICON_NAME = AppIcon;
				ASSETCATALOG_COMPILER_GLOBAL_ACCENT_COLOR_NAME = AccentColor;
				CODE_SIGN_STYLE = Automatic;
				CURRENT_PROJECT_VERSION = 1;
				GENERATE_INFOPLIST_FILE = YES;
				INFOPLIST_FILE = SaryFlagship/Info.plist;
				INFOPLIST_KEY_UIApplicationSupportsIndirectInputEvents = YES;
				INFOPLIST_KEY_UILaunchStoryboardName = LaunchScreen;
				INFOPLIST_KEY_UISupportedInterfaceOrientations_iPad = "UIInterfaceOrientationPortrait UIInterfaceOrientationPortraitUpsideDown UIInterfaceOrientationLandscapeLeft UIInterfaceOrientationLandscapeRight";
				INFOPLIST_KEY_UISupportedInterfaceOrientations_iPhone = "UIInterfaceOrientationPortrait UIInterfaceOrientationLandscapeLeft UIInterfaceOrientationLandscapeRight";
				LD_RUNPATH_SEARCH_PATHS = (
					"$(inherited)",
					"@executable_path/Frameworks",
				);
				MARKETING_VERSION = 1.0;
				PRODUCT_BUNDLE_IDENTIFIER = com.sary.SaryFlagship;
				PRODUCT_NAME = "$(TARGET_NAME)";
				SWIFT_EMIT_LOC_STRINGS = YES;
				SWIFT_VERSION = 5.0;
				TARGETED_DEVICE_FAMILY = "1,2";
			};
			name = Debug;
		};
		A0BDEB5427E4F13C00A85888 /* Release */ = {
			isa = XCBuildConfiguration;
			baseConfigurationReference = 241A0EE50BD4D4E3E891848E /* Pods-SaryFlagship.release.xcconfig */;
			buildSettings = {
				ASSETCATALOG_COMPILER_APPICON_NAME = AppIcon;
				ASSETCATALOG_COMPILER_GLOBAL_ACCENT_COLOR_NAME = AccentColor;
				CODE_SIGN_STYLE = Automatic;
				CURRENT_PROJECT_VERSION = 1;
				GENERATE_INFOPLIST_FILE = YES;
				INFOPLIST_FILE = SaryFlagship/Info.plist;
				INFOPLIST_KEY_UIApplicationSupportsIndirectInputEvents = YES;
				INFOPLIST_KEY_UILaunchStoryboardName = LaunchScreen;
				INFOPLIST_KEY_UISupportedInterfaceOrientations_iPad = "UIInterfaceOrientationPortrait UIInterfaceOrientationPortraitUpsideDown UIInterfaceOrientationLandscapeLeft UIInterfaceOrientationLandscapeRight";
				INFOPLIST_KEY_UISupportedInterfaceOrientations_iPhone = "UIInterfaceOrientationPortrait UIInterfaceOrientationLandscapeLeft UIInterfaceOrientationLandscapeRight";
				LD_RUNPATH_SEARCH_PATHS = (
					"$(inherited)",
					"@executable_path/Frameworks",
				);
				MARKETING_VERSION = 1.0;
				PRODUCT_BUNDLE_IDENTIFIER = com.sary.SaryFlagship;
				PRODUCT_NAME = "$(TARGET_NAME)";
				SWIFT_EMIT_LOC_STRINGS = YES;
				SWIFT_VERSION = 5.0;
				TARGETED_DEVICE_FAMILY = "1,2";
			};
			name = Release;
		};
		A0BDEB5627E4F13C00A85888 /* Debug */ = {
			isa = XCBuildConfiguration;
			buildSettings = {
				ALWAYS_EMBED_SWIFT_STANDARD_LIBRARIES = YES;
				BUNDLE_LOADER = "$(TEST_HOST)";
				CODE_SIGN_STYLE = Automatic;
				CURRENT_PROJECT_VERSION = 1;
				GENERATE_INFOPLIST_FILE = YES;
				IPHONEOS_DEPLOYMENT_TARGET = 15.0;
				LD_RUNPATH_SEARCH_PATHS = (
					"$(inherited)",
					"@executable_path/Frameworks",
					"@loader_path/Frameworks",
				);
				MARKETING_VERSION = 1.0;
				PRODUCT_BUNDLE_IDENTIFIER = com.sary.SaryFlagshipTests;
				PRODUCT_NAME = "$(TARGET_NAME)";
				SWIFT_EMIT_LOC_STRINGS = NO;
				SWIFT_VERSION = 5.0;
				TARGETED_DEVICE_FAMILY = "1,2";
				TEST_HOST = "$(BUILT_PRODUCTS_DIR)/SaryFlagship.app/SaryFlagship";
			};
			name = Debug;
		};
		A0BDEB5727E4F13C00A85888 /* Release */ = {
			isa = XCBuildConfiguration;
			buildSettings = {
				ALWAYS_EMBED_SWIFT_STANDARD_LIBRARIES = YES;
				BUNDLE_LOADER = "$(TEST_HOST)";
				CODE_SIGN_STYLE = Automatic;
				CURRENT_PROJECT_VERSION = 1;
				GENERATE_INFOPLIST_FILE = YES;
				IPHONEOS_DEPLOYMENT_TARGET = 15.0;
				LD_RUNPATH_SEARCH_PATHS = (
					"$(inherited)",
					"@executable_path/Frameworks",
					"@loader_path/Frameworks",
				);
				MARKETING_VERSION = 1.0;
				PRODUCT_BUNDLE_IDENTIFIER = com.sary.SaryFlagshipTests;
				PRODUCT_NAME = "$(TARGET_NAME)";
				SWIFT_EMIT_LOC_STRINGS = NO;
				SWIFT_VERSION = 5.0;
				TARGETED_DEVICE_FAMILY = "1,2";
				TEST_HOST = "$(BUILT_PRODUCTS_DIR)/SaryFlagship.app/SaryFlagship";
			};
			name = Release;
		};
		A0BDEB5927E4F13C00A85888 /* Debug */ = {
			isa = XCBuildConfiguration;
			buildSettings = {
				ALWAYS_EMBED_SWIFT_STANDARD_LIBRARIES = YES;
				CODE_SIGN_STYLE = Automatic;
				CURRENT_PROJECT_VERSION = 1;
				GENERATE_INFOPLIST_FILE = YES;
				LD_RUNPATH_SEARCH_PATHS = (
					"$(inherited)",
					"@executable_path/Frameworks",
					"@loader_path/Frameworks",
				);
				MARKETING_VERSION = 1.0;
				PRODUCT_BUNDLE_IDENTIFIER = com.sary.SaryFlagshipUITests;
				PRODUCT_NAME = "$(TARGET_NAME)";
				SWIFT_EMIT_LOC_STRINGS = NO;
				SWIFT_VERSION = 5.0;
				TARGETED_DEVICE_FAMILY = "1,2";
				TEST_TARGET_NAME = SaryFlagship;
			};
			name = Debug;
		};
		A0BDEB5A27E4F13C00A85888 /* Release */ = {
			isa = XCBuildConfiguration;
			buildSettings = {
				ALWAYS_EMBED_SWIFT_STANDARD_LIBRARIES = YES;
				CODE_SIGN_STYLE = Automatic;
				CURRENT_PROJECT_VERSION = 1;
				GENERATE_INFOPLIST_FILE = YES;
				LD_RUNPATH_SEARCH_PATHS = (
					"$(inherited)",
					"@executable_path/Frameworks",
					"@loader_path/Frameworks",
				);
				MARKETING_VERSION = 1.0;
				PRODUCT_BUNDLE_IDENTIFIER = com.sary.SaryFlagshipUITests;
				PRODUCT_NAME = "$(TARGET_NAME)";
				SWIFT_EMIT_LOC_STRINGS = NO;
				SWIFT_VERSION = 5.0;
				TARGETED_DEVICE_FAMILY = "1,2";
				TEST_TARGET_NAME = SaryFlagship;
			};
			name = Release;
		};
/* End XCBuildConfiguration section */

/* Begin XCConfigurationList section */
		A0BDEB2327E4F13900A85888 /* Build configuration list for PBXProject "SaryFlagship" */ = {
			isa = XCConfigurationList;
			buildConfigurations = (
				A0BDEB5027E4F13C00A85888 /* Debug */,
				A0BDEB5127E4F13C00A85888 /* Release */,
			);
			defaultConfigurationIsVisible = 0;
			defaultConfigurationName = Release;
		};
		A0BDEB5227E4F13C00A85888 /* Build configuration list for PBXNativeTarget "SaryFlagship" */ = {
			isa = XCConfigurationList;
			buildConfigurations = (
				A0BDEB5327E4F13C00A85888 /* Debug */,
				A0BDEB5427E4F13C00A85888 /* Release */,
			);
			defaultConfigurationIsVisible = 0;
			defaultConfigurationName = Release;
		};
		A0BDEB5527E4F13C00A85888 /* Build configuration list for PBXNativeTarget "SaryFlagshipTests" */ = {
			isa = XCConfigurationList;
			buildConfigurations = (
				A0BDEB5627E4F13C00A85888 /* Debug */,
				A0BDEB5727E4F13C00A85888 /* Release */,
			);
			defaultConfigurationIsVisible = 0;
			defaultConfigurationName = Release;
		};
		A0BDEB5827E4F13C00A85888 /* Build configuration list for PBXNativeTarget "SaryFlagshipUITests" */ = {
			isa = XCConfigurationList;
			buildConfigurations = (
				A0BDEB5927E4F13C00A85888 /* Debug */,
				A0BDEB5A27E4F13C00A85888 /* Release */,
			);
			defaultConfigurationIsVisible = 0;
			defaultConfigurationName = Release;
		};
/* End XCConfigurationList section */
	};
	rootObject = A0BDEB2027E4F13900A85888 /* Project object */;
}
